// !$*UTF8*$!
{
	archiveVersion = 1;
	classes = {
	};
	objectVersion = 50;
	objects = {

/* Begin PBXBuildFile section */
		9B62456F2487DBDA006535DA /* AppDelegate.swift in Sources */ = {isa = PBXBuildFile; fileRef = 9B62456E2487DBDA006535DA /* AppDelegate.swift */; };
		9B6245712487DBDA006535DA /* SceneDelegate.swift in Sources */ = {isa = PBXBuildFile; fileRef = 9B6245702487DBDA006535DA /* SceneDelegate.swift */; };
		9B6245732487DBDA006535DA /* ContentView.swift in Sources */ = {isa = PBXBuildFile; fileRef = 9B6245722487DBDA006535DA /* ContentView.swift */; };
		9B6245752487DBDB006535DA /* Assets.xcassets in Resources */ = {isa = PBXBuildFile; fileRef = 9B6245742487DBDB006535DA /* Assets.xcassets */; };
		9B6245782487DBDB006535DA /* Preview Assets.xcassets in Resources */ = {isa = PBXBuildFile; fileRef = 9B6245772487DBDB006535DA /* Preview Assets.xcassets */; };
		9B62457B2487DBDB006535DA /* LaunchScreen.storyboard in Resources */ = {isa = PBXBuildFile; fileRef = 9B6245792487DBDB006535DA /* LaunchScreen.storyboard */; };
/* End PBXBuildFile section */

/* Begin PBXFileReference section */
		9B62456B2487DBDA006535DA /* Homework_01_SwiftUI.app */ = {isa = PBXFileReference; explicitFileType = wrapper.application; includeInIndex = 0; path = Homework_01_SwiftUI.app; sourceTree = BUILT_PRODUCTS_DIR; };
		9B62456E2487DBDA006535DA /* AppDelegate.swift */ = {isa = PBXFileReference; lastKnownFileType = sourcecode.swift; path = AppDelegate.swift; sourceTree = "<group>"; };
		9B6245702487DBDA006535DA /* SceneDelegate.swift */ = {isa = PBXFileReference; lastKnownFileType = sourcecode.swift; path = SceneDelegate.swift; sourceTree = "<group>"; };
		9B6245722487DBDA006535DA /* ContentView.swift */ = {isa = PBXFileReference; lastKnownFileType = sourcecode.swift; path = ContentView.swift; sourceTree = "<group>"; };
		9B6245742487DBDB006535DA /* Assets.xcassets */ = {isa = PBXFileReference; lastKnownFileType = folder.assetcatalog; path = Assets.xcassets; sourceTree = "<group>"; };
		9B6245772487DBDB006535DA /* Preview Assets.xcassets */ = {isa = PBXFileReference; lastKnownFileType = folder.assetcatalog; path = "Preview Assets.xcassets"; sourceTree = "<group>"; };
		9B62457A2487DBDB006535DA /* Base */ = {isa = PBXFileReference; lastKnownFileType = file.storyboard; name = Base; path = Base.lproj/LaunchScreen.storyboard; sourceTree = "<group>"; };
		9B62457C2487DBDB006535DA /* Info.plist */ = {isa = PBXFileReference; lastKnownFileType = text.plist.xml; path = Info.plist; sourceTree = "<group>"; };
/* End PBXFileReference section */

/* Begin PBXFrameworksBuildPhase section */
		9B6245682487DBDA006535DA /* Frameworks */ = {
			isa = PBXFrameworksBuildPhase;
			buildActionMask = 2147483647;
			files = (
			);
			runOnlyForDeploymentPostprocessing = 0;
		};
/* End PBXFrameworksBuildPhase section */

/* Begin PBXGroup section */
		9B6245622487DBDA006535DA = {
			isa = PBXGroup;
			children = (
				9B62456D2487DBDA006535DA /* Homework_01_SwiftUI */,
				9B62456C2487DBDA006535DA /* Products */,
			);
			sourceTree = "<group>";
		};
		9B62456C2487DBDA006535DA /* Products */ = {
			isa = PBXGroup;
			children = (
				9B62456B2487DBDA006535DA /* Homework_01_SwiftUI.app */,
			);
			name = Products;
			sourceTree = "<group>";
		};
		9B62456D2487DBDA006535DA /* Homework_01_SwiftUI */ = {
			isa = PBXGroup;
			children = (
				9B62456E2487DBDA006535DA /* AppDelegate.swift */,
				9B6245702487DBDA006535DA /* SceneDelegate.swift */,
				9B6245722487DBDA006535DA /* ContentView.swift */,
				9B6245742487DBDB006535DA /* Assets.xcassets */,
				9B6245792487DBDB006535DA /* LaunchScreen.storyboard */,
				9B62457C2487DBDB006535DA /* Info.plist */,
				9B6245762487DBDB006535DA /* Preview Content */,
			);
			path = Homework_01_SwiftUI;
			sourceTree = "<group>";
		};
		9B6245762487DBDB006535DA /* Preview Content */ = {
			isa = PBXGroup;
			children = (
				9B6245772487DBDB006535DA /* Preview Assets.xcassets */,
			);
			path = "Preview Content";
			sourceTree = "<group>";
		};
/* End PBXGroup section */

/* Begin PBXNativeTarget section */
		9B62456A2487DBDA006535DA /* Homework_01_SwiftUI */ = {
			isa = PBXNativeTarget;
			buildConfigurationList = 9B62457F2487DBDB006535DA /* Build configuration list for PBXNativeTarget "Homework_01_SwiftUI" */;
			buildPhases = (
				9B6245672487DBDA006535DA /* Sources */,
				9B6245682487DBDA006535DA /* Frameworks */,
				9B6245692487DBDA006535DA /* Resources */,
			);
			buildRules = (
			);
			dependencies = (
			);
			name = Homework_01_SwiftUI;
			productName = Homework_01_SwiftUI;
			productReference = 9B62456B2487DBDA006535DA /* Homework_01_SwiftUI.app */;
			productType = "com.apple.product-type.application";
		};
/* End PBXNativeTarget section */

/* Begin PBXProject section */
		9B6245632487DBDA006535DA /* Project object */ = {
			isa = PBXProject;
			attributes = {
				LastSwiftUpdateCheck = 1140;
				LastUpgradeCheck = 1140;
				ORGANIZATIONNAME = "Be Wind Lab.";
				TargetAttributes = {
					9B62456A2487DBDA006535DA = {
						CreatedOnToolsVersion = 11.4;
					};
				};
			};
			buildConfigurationList = 9B6245662487DBDA006535DA /* Build configuration list for PBXProject "Homework_01_SwiftUI" */;
			compatibilityVersion = "Xcode 9.3";
			developmentRegion = en;
			hasScannedForEncodings = 0;
			knownRegions = (
				en,
				Base,
			);
			mainGroup = 9B6245622487DBDA006535DA;
			productRefGroup = 9B62456C2487DBDA006535DA /* Products */;
			projectDirPath = "";
			projectRoot = "";
			targets = (
				9B62456A2487DBDA006535DA /* Homework_01_SwiftUI */,
			);
		};
/* End PBXProject section */

/* Begin PBXResourcesBuildPhase section */
		9B6245692487DBDA006535DA /* Resources */ = {
			isa = PBXResourcesBuildPhase;
			buildActionMask = 2147483647;
			files = (
				9B62457B2487DBDB006535DA /* LaunchScreen.storyboard in Resources */,
				9B6245782487DBDB006535DA /* Preview Assets.xcassets in Resources */,
				9B6245752487DBDB006535DA /* Assets.xcassets in Resources */,
			);
			runOnlyForDeploymentPostprocessing = 0;
		};
/* End PBXResourcesBuildPhase section */

/* Begin PBXSourcesBuildPhase section */
		9B6245672487DBDA006535DA /* Sources */ = {
			isa = PBXSourcesBuildPhase;
			buildActionMask = 2147483647;
			files = (
				9B62456F2487DBDA006535DA /* AppDelegate.swift in Sources */,
				9B6245712487DBDA006535DA /* SceneDelegate.swift in Sources */,
				9B6245732487DBDA006535DA /* ContentView.swift in Sources */,
			);
			runOnlyForDeploymentPostprocessing = 0;
		};
/* End PBXSourcesBuildPhase section */

/* Begin PBXVariantGroup section */
		9B6245792487DBDB006535DA /* LaunchScreen.storyboard */ = {
			isa = PBXVariantGroup;
			children = (
				9B62457A2487DBDB006535DA /* Base */,
			);
			name = LaunchScreen.storyboard;
			sourceTree = "<group>";
		};
/* End PBXVariantGroup section */

/* Begin XCBuildConfiguration section */
		9B62457D2487DBDB006535DA /* Debug */ = {
			isa = XCBuildConfiguration;
			buildSettings = {
				ALWAYS_SEARCH_USER_PATHS = NO;
				CLANG_ANALYZER_NONNULL = YES;
				CLANG_ANALYZER_NUMBER_OBJECT_CONVERSION = YES_AGGRESSIVE;
				CLANG_CXX_LANGUAGE_STANDARD = "gnu++14";
				CLANG_CXX_LIBRARY = "libc++";
				CLANG_ENABLE_MODULES = YES;
				CLANG_ENABLE_OBJC_ARC = YES;
				CLANG_ENABLE_OBJC_WEAK = YES;
				CLANG_WARN_BLOCK_CAPTURE_AUTORELEASING = YES;
				CLANG_WARN_BOOL_CONVERSION = YES;
				CLANG_WARN_COMMA = YES;
				CLANG_WARN_CONSTANT_CONVERSION = YES;
				CLANG_WARN_DEPRECATED_OBJC_IMPLEMENTATIONS = YES;
				CLANG_WARN_DIRECT_OBJC_ISA_USAGE = YES_ERROR;
				CLANG_WARN_DOCUMENTATION_COMMENTS = YES;
				CLANG_WARN_EMPTY_BODY = YES;
				CLANG_WARN_ENUM_CONVERSION = YES;
				CLANG_WARN_INFINITE_RECURSION = YES;
				CLANG_WARN_INT_CONVERSION = YES;
				CLANG_WARN_NON_LITERAL_NULL_CONVERSION = YES;
				CLANG_WARN_OBJC_IMPLICIT_RETAIN_SELF = YES;
				CLANG_WARN_OBJC_LITERAL_CONVERSION = YES;
				CLANG_WARN_OBJC_ROOT_CLASS = YES_ERROR;
				CLANG_WARN_RANGE_LOOP_ANALYSIS = YES;
				CLANG_WARN_STRICT_PROTOTYPES = YES;
				CLANG_WARN_SUSPICIOUS_MOVE = YES;
				CLANG_WARN_UNGUARDED_AVAILABILITY = YES_AGGRESSIVE;
				CLANG_WARN_UNREACHABLE_CODE = YES;
				CLANG_WARN__DUPLICATE_METHOD_MATCH = YES;
				COPY_PHASE_STRIP = NO;
				DEBUG_INFORMATION_FORMAT = dwarf;
				ENABLE_STRICT_OBJC_MSGSEND = YES;
				ENABLE_TESTABILITY = YES;
				GCC_C_LANGUAGE_STANDARD = gnu11;
				GCC_DYNAMIC_NO_PIC = NO;
				GCC_NO_COMMON_BLOCKS = YES;
				GCC_OPTIMIZATION_LEVEL = 0;
				GCC_PREPROCESSOR_DEFINITIONS = (
					"DEBUG=1",
					"$(inherited)",
				);
				GCC_WARN_64_TO_32_BIT_CONVERSION = YES;
				GCC_WARN_ABOUT_RETURN_TYPE = YES_ERROR;
				GCC_WARN_UNDECLARED_SELECTOR = YES;
				GCC_WARN_UNINITIALIZED_AUTOS = YES_AGGRESSIVE;
				GCC_WARN_UNUSED_FUNCTION = YES;
				GCC_WARN_UNUSED_VARIABLE = YES;
				IPHONEOS_DEPLOYMENT_TARGET = 13.4;
				MTL_ENABLE_DEBUG_INFO = INCLUDE_SOURCE;
				MTL_FAST_MATH = YES;
				ONLY_ACTIVE_ARCH = YES;
				SDKROOT = iphoneos;
				SWIFT_ACTIVE_COMPILATION_CONDITIONS = DEBUG;
				SWIFT_OPTIMIZATION_LEVEL = "-Onone";
			};
			name = Debug;
		};
		9B62457E2487DBDB006535DA /* Release */ = {
			isa = XCBuildConfiguration;
			buildSettings = {
				ALWAYS_SEARCH_USER_PATHS = NO;
				CLANG_ANALYZER_NONNULL = YES;
				CLANG_ANALYZER_NUMBER_OBJECT_CONVERSION = YES_AGGRESSIVE;
				CLANG_CXX_LANGUAGE_STANDARD = "gnu++14";
				CLANG_CXX_LIBRARY = "libc++";
				CLANG_ENABLE_MODULES = YES;
				CLANG_ENABLE_OBJC_ARC = YES;
				CLANG_ENABLE_OBJC_WEAK = YES;
				CLANG_WARN_BLOCK_CAPTURE_AUTORELEASING = YES;
				CLANG_WARN_BOOL_CONVERSION = YES;
				CLANG_WARN_COMMA = YES;
				CLANG_WARN_CONSTANT_CONVERSION = YES;
				CLANG_WARN_DEPRECATED_OBJC_IMPLEMENTATIONS = YES;
				CLANG_WARN_DIRECT_OBJC_ISA_USAGE = YES_ERROR;
				CLANG_WARN_DOCUMENTATION_COMMENTS = YES;
				CLANG_WARN_EMPTY_BODY = YES;
				CLANG_WARN_ENUM_CONVERSION = YES;
				CLANG_WARN_INFINITE_RECURSION = YES;
				CLANG_WARN_INT_CONVERSION = YES;
				CLANG_WARN_NON_LITERAL_NULL_CONVERSION = YES;
				CLANG_WARN_OBJC_IMPLICIT_RETAIN_SELF = YES;
				CLANG_WARN_OBJC_LITERAL_CONVERSION = YES;
				CLANG_WARN_OBJC_ROOT_CLASS = YES_ERROR;
				CLANG_WARN_RANGE_LOOP_ANALYSIS = YES;
				CLANG_WARN_STRICT_PROTOTYPES = YES;
				CLANG_WARN_SUSPICIOUS_MOVE = YES;
				CLANG_WARN_UNGUARDED_AVAILABILITY = YES_AGGRESSIVE;
				CLANG_WARN_UNREACHABLE_CODE = YES;
				CLANG_WARN__DUPLICATE_METHOD_MATCH = YES;
				COPY_PHASE_STRIP = NO;
				DEBUG_INFORMATION_FORMAT = "dwarf-with-dsym";
				ENABLE_NS_ASSERTIONS = NO;
				ENABLE_STRICT_OBJC_MSGSEND = YES;
				GCC_C_LANGUAGE_STANDARD = gnu11;
				GCC_NO_COMMON_BLOCKS = YES;
				GCC_WARN_64_TO_32_BIT_CONVERSION = YES;
				GCC_WARN_ABOUT_RETURN_TYPE = YES_ERROR;
				GCC_WARN_UNDECLARED_SELECTOR = YES;
				GCC_WARN_UNINITIALIZED_AUTOS = YES_AGGRESSIVE;
				GCC_WARN_UNUSED_FUNCTION = YES;
				GCC_WARN_UNUSED_VARIABLE = YES;
				IPHONEOS_DEPLOYMENT_TARGET = 13.4;
				MTL_ENABLE_DEBUG_INFO = NO;
				MTL_FAST_MATH = YES;
				SDKROOT = iphoneos;
				SWIFT_COMPILATION_MODE = wholemodule;
				SWIFT_OPTIMIZATION_LEVEL = "-O";
				VALIDATE_PRODUCT = YES;
			};
			name = Release;
		};
		9B6245802487DBDB006535DA /* Debug */ = {
			isa = XCBuildConfiguration;
			buildSettings = {
				ASSETCATALOG_COMPILER_APPICON_NAME = AppIcon;
				CODE_SIGN_STYLE = Automatic;
				DEVELOPMENT_ASSET_PATHS = "\"Homework_01_SwiftUI/Preview Content\"";
				DEVELOPMENT_TEAM = 93ERT74UZ8;
				ENABLE_PREVIEWS = YES;
				INFOPLIST_FILE = Homework_01_SwiftUI/Info.plist;
				LD_RUNPATH_SEARCH_PATHS = (
					"$(inherited)",
					"@executable_path/Frameworks",
				);
				PRODUCT_BUNDLE_IDENTIFIER = "beWindLab.Homework-01-SwiftUI";
				PRODUCT_NAME = "$(TARGET_NAME)";
				SWIFT_VERSION = 5.0;
				TARGETED_DEVICE_FAMILY = "1,2";
			};
			name = Debug;
		};
		9B6245812487DBDB006535DA /* Release */ = {
			isa = XCBuildConfiguration;
			buildSettings = {
				ASSETCATALOG_COMPILER_APPICON_NAME = AppIcon;
				CODE_SIGN_STYLE = Automatic;
				DEVELOPMENT_ASSET_PATHS = "\"Homework_01_SwiftUI/Preview Content\"";
				DEVELOPMENT_TEAM = 93ERT74UZ8;
				ENABLE_PREVIEWS = YES;
				INFOPLIST_FILE = Homework_01_SwiftUI/Info.plist;
				LD_RUNPATH_SEARCH_PATHS = (
					"$(inherited)",
					"@executable_path/Frameworks",
				);
				PRODUCT_BUNDLE_IDENTIFIER = "beWindLab.Homework-01-SwiftUI";
				PRODUCT_NAME = "$(TARGET_NAME)";
				SWIFT_VERSION = 5.0;
				TARGETED_DEVICE_FAMILY = "1,2";
			};
			name = Release;
		};
/* End XCBuildConfiguration section */

/* Begin XCConfigurationList section */
		9B6245662487DBDA006535DA /* Build configuration list for PBXProject "Homework_01_SwiftUI" */ = {
			isa = XCConfigurationList;
			buildConfigurations = (
				9B62457D2487DBDB006535DA /* Debug */,
				9B62457E2487DBDB006535DA /* Release */,
			);
			defaultConfigurationIsVisible = 0;
			defaultConfigurationName = Release;
		};
		9B62457F2487DBDB006535DA /* Build configuration list for PBXNativeTarget "Homework_01_SwiftUI" */ = {
			isa = XCConfigurationList;
			buildConfigurations = (
				9B6245802487DBDB006535DA /* Debug */,
				9B6245812487DBDB006535DA /* Release */,
			);
			defaultConfigurationIsVisible = 0;
			defaultConfigurationName = Release;
		};
/* End XCConfigurationList section */
	};
	rootObject = 9B6245632487DBDA006535DA /* Project object */;
}
